
Microsoft Visual Studio Solution File, Format Version 12.00
# Visual Studio Version 17
VisualStudioVersion = 17.5.33530.505
MinimumVisualStudioVersion = 10.0.40219.1
Project("{FAE04EC0-301F-11D3-BF4B-00C04F79EFBC}") = "Flogin", "Flogin\Flogin.csproj", "{73970448-AF43-41A8-8B15-C036E7FB36F9}"
EndProject
Global
	GlobalSection(SolutionConfigurationPlatforms) = preSolution
		Debug|Any CPU = Debug|Any CPU
		Release|Any CPU = Release|Any CPU
	EndGlobalSection
	GlobalSection(ProjectConfigurationPlatforms) = postSolution
		{73970448-AF43-41A8-8B15-C036E7FB36F9}.Debug|Any CPU.ActiveCfg = Debug|Any CPU
		{73970448-AF43-41A8-8B15-C036E7FB36F9}.Debug|Any CPU.Build.0 = Debug|Any CPU
		{73970448-AF43-41A8-8B15-C036E7FB36F9}.Release|Any CPU.ActiveCfg = Release|Any CPU
		{73970448-AF43-41A8-8B15-C036E7FB36F9}.Release|Any CPU.Build.0 = Release|Any CPU
	EndGlobalSection
	GlobalSection(SolutionProperties) = preSolution
		HideSolutionNode = FALSE
	EndGlobalSection
	GlobalSection(ExtensibilityGlobals) = postSolution
		SolutionGuid = {9E454B20-AB8E-4C2E-96C9-CD6B13B2049C}
	EndGlobalSection
EndGlobal
